
Microsoft Visual Studio Solution File, Format Version 12.00
# Visual Studio Version 16
VisualStudioVersion = 16.0.29920.165
MinimumVisualStudioVersion = 10.0.40219.1
Project("{FAE04EC0-301F-11D3-BF4B-00C04F79EFBC}") = "AuthServer", "AuthServer\AuthServer.csproj", "{4393551F-9BD5-41C5-88B4-820FC19160F6}"
EndProject
Project("{FAE04EC0-301F-11D3-BF4B-00C04F79EFBC}") = "AuthClient", "AuthClient\AuthClient.csproj", "{F5FA4F5C-D0E7-4957-BAF2-54715375B209}"
EndProject
Project("{FAE04EC0-301F-11D3-BF4B-00C04F79EFBC}") = "Tests", "Tests\Tests.csproj", "{F3C56B06-0808-44EB-A0F9-5175540C0B0A}"
EndProject
Global
	GlobalSection(SolutionConfigurationPlatforms) = preSolution
		Debug|Any CPU = Debug|Any CPU
		Release|Any CPU = Release|Any CPU
	EndGlobalSection
	GlobalSection(ProjectConfigurationPlatforms) = postSolution
		{4393551F-9BD5-41C5-88B4-820FC19160F6}.Debug|Any CPU.ActiveCfg = Debug|Any CPU
		{4393551F-9BD5-41C5-88B4-820FC19160F6}.Debug|Any CPU.Build.0 = Debug|Any CPU
		{4393551F-9BD5-41C5-88B4-820FC19160F6}.Release|Any CPU.ActiveCfg = Release|Any CPU
		{4393551F-9BD5-41C5-88B4-820FC19160F6}.Release|Any CPU.Build.0 = Release|Any CPU
		{72A1C7F8-0F93-4E10-8AC3-0111A28EE953}.Debug|Any CPU.ActiveCfg = Debug|Any CPU
		{72A1C7F8-0F93-4E10-8AC3-0111A28EE953}.Debug|Any CPU.Build.0 = Debug|Any CPU
		{72A1C7F8-0F93-4E10-8AC3-0111A28EE953}.Release|Any CPU.ActiveCfg = Release|Any CPU
		{72A1C7F8-0F93-4E10-8AC3-0111A28EE953}.Release|Any CPU.Build.0 = Release|Any CPU
		{F5FA4F5C-D0E7-4957-BAF2-54715375B209}.Debug|Any CPU.ActiveCfg = Debug|Any CPU
		{F5FA4F5C-D0E7-4957-BAF2-54715375B209}.Debug|Any CPU.Build.0 = Debug|Any CPU
		{F5FA4F5C-D0E7-4957-BAF2-54715375B209}.Release|Any CPU.ActiveCfg = Release|Any CPU
		{F5FA4F5C-D0E7-4957-BAF2-54715375B209}.Release|Any CPU.Build.0 = Release|Any CPU
		{F3C56B06-0808-44EB-A0F9-5175540C0B0A}.Debug|Any CPU.ActiveCfg = Debug|Any CPU
		{F3C56B06-0808-44EB-A0F9-5175540C0B0A}.Debug|Any CPU.Build.0 = Debug|Any CPU
		{F3C56B06-0808-44EB-A0F9-5175540C0B0A}.Release|Any CPU.ActiveCfg = Release|Any CPU
		{F3C56B06-0808-44EB-A0F9-5175540C0B0A}.Release|Any CPU.Build.0 = Release|Any CPU
	EndGlobalSection
	GlobalSection(SolutionProperties) = preSolution
		HideSolutionNode = FALSE
	EndGlobalSection
	GlobalSection(ExtensibilityGlobals) = postSolution
		SolutionGuid = {55B78F3C-EB93-4C00-AC9E-19A175FE9272}
	EndGlobalSection
EndGlobal
